# This file is automatically @generated by Cargo.
# It is not intended for manual editing.
version = 3

[[package]]
name = "bignumber"
version = "0.0.2"
dependencies = [
 "dashu-float",
]

[[package]]
name = "cfg-if"
version = "1.0.0"
source = "registry+https://github.com/rust-lang/crates.io-index"
checksum = "baf1de4339761588bc0619e3cbc0120ee582ebb74b53b4efbf79117bd2da40fd"

[[package]]
name = "dashu-base"
version = "0.2.1"
source = "registry+https://github.com/rust-lang/crates.io-index"
checksum = "0dec4ef83dabaa580edd23f7d124317e11dc70dec845bea18eaf16247015ba3c"

[[package]]
name = "dashu-float"
version = "0.2.1"
source = "registry+https://github.com/rust-lang/crates.io-index"
checksum = "91316dfcb178222fade3f09a407c4abd4cc46ca57241752e666c1528ea31a165"
dependencies = [
 "dashu-base",
 "dashu-int",
 "static_assertions",
]

[[package]]
name = "dashu-int"
version = "0.2.1"
source = "registry+https://github.com/rust-lang/crates.io-index"
checksum = "c395676c35764728866373bf53a32222f47f709ba3a4e09309941f0201ba5efd"
dependencies = [
 "cfg-if",
 "dashu-base",
 "static_assertions",
]

[[package]]
name = "static_assertions"
version = "1.1.0"
source = "registry+https://github.com/rust-lang/crates.io-index"
checksum = "a2eb9349b6444b326872e140eb1cf5e7c522154d69e7a0ffb0fb81c06b37543f"
